
Microsoft Visual Studio Solution File, Format Version 12.00
# Visual Studio Version 16
VisualStudioVersion = 16.0.30717.126
MinimumVisualStudioVersion = 10.0.40219.1
Project("{FAE04EC0-301F-11D3-BF4B-00C04F79EFBC}") = "AuthServer", "AuthServer\AuthServer.csproj", "{FF85D115-F0FD-4CDC-96B2-030A2A52B1F9}"
EndProject
Project("{FAE04EC0-301F-11D3-BF4B-00C04F79EFBC}") = "GarantiAPI", "GarantiAPI\GarantiAPI.csproj", "{3F7D738B-A26A-4DEB-9A6F-207DAD57AD5B}"
EndProject
Global
	GlobalSection(SolutionConfigurationPlatforms) = preSolution
		Debug|Any CPU = Debug|Any CPU
		Release|Any CPU = Release|Any CPU
	EndGlobalSection
	GlobalSection(ProjectConfigurationPlatforms) = postSolution
		{FF85D115-F0FD-4CDC-96B2-030A2A52B1F9}.Debug|Any CPU.ActiveCfg = Debug|Any CPU
		{FF85D115-F0FD-4CDC-96B2-030A2A52B1F9}.Debug|Any CPU.Build.0 = Debug|Any CPU
		{FF85D115-F0FD-4CDC-96B2-030A2A52B1F9}.Release|Any CPU.ActiveCfg = Release|Any CPU
		{FF85D115-F0FD-4CDC-96B2-030A2A52B1F9}.Release|Any CPU.Build.0 = Release|Any CPU
		{3F7D738B-A26A-4DEB-9A6F-207DAD57AD5B}.Debug|Any CPU.ActiveCfg = Debug|Any CPU
		{3F7D738B-A26A-4DEB-9A6F-207DAD57AD5B}.Debug|Any CPU.Build.0 = Debug|Any CPU
		{3F7D738B-A26A-4DEB-9A6F-207DAD57AD5B}.Release|Any CPU.ActiveCfg = Release|Any CPU
		{3F7D738B-A26A-4DEB-9A6F-207DAD57AD5B}.Release|Any CPU.Build.0 = Release|Any CPU
	EndGlobalSection
	GlobalSection(SolutionProperties) = preSolution
		HideSolutionNode = FALSE
	EndGlobalSection
	GlobalSection(ExtensibilityGlobals) = postSolution
		SolutionGuid = {45BBC7D5-84C9-4261-A9B7-8CDFA5921E72}
	EndGlobalSection
EndGlobal
