
Microsoft Visual Studio Solution File, Format Version 12.00
# Visual Studio Version 16
VisualStudioVersion = 16.0.30717.126
MinimumVisualStudioVersion = 10.0.40219.1
Project("{9A19103F-16F7-4668-BE54-9A1E7A4F7556}") = "GarantiAPI", "GarantiAPI\GarantiAPI.csproj", "{43C07AF3-72D6-4747-A371-B804633DF38B}"
EndProject
Project("{9A19103F-16F7-4668-BE54-9A1E7A4F7556}") = "Client1", "Client1\Client1.csproj", "{59005541-CB66-4ED0-89E2-9D7950DDD106}"
EndProject
Project("{9A19103F-16F7-4668-BE54-9A1E7A4F7556}") = "Client2", "Client2\Client2.csproj", "{DB9FE78E-C2F1-46AC-A740-F47734A50BBD}"
EndProject
Project("{9A19103F-16F7-4668-BE54-9A1E7A4F7556}") = "AuthServer", "AuthServer\AuthServer.csproj", "{4D6D73BF-6DA9-4644-86D7-EA729B390A1B}"
EndProject
Global
	GlobalSection(SolutionConfigurationPlatforms) = preSolution
		Debug|Any CPU = Debug|Any CPU
		Release|Any CPU = Release|Any CPU
	EndGlobalSection
	GlobalSection(ProjectConfigurationPlatforms) = postSolution
		{43C07AF3-72D6-4747-A371-B804633DF38B}.Debug|Any CPU.ActiveCfg = Debug|Any CPU
		{43C07AF3-72D6-4747-A371-B804633DF38B}.Debug|Any CPU.Build.0 = Debug|Any CPU
		{43C07AF3-72D6-4747-A371-B804633DF38B}.Release|Any CPU.ActiveCfg = Release|Any CPU
		{43C07AF3-72D6-4747-A371-B804633DF38B}.Release|Any CPU.Build.0 = Release|Any CPU
		{59005541-CB66-4ED0-89E2-9D7950DDD106}.Debug|Any CPU.ActiveCfg = Debug|Any CPU
		{59005541-CB66-4ED0-89E2-9D7950DDD106}.Debug|Any CPU.Build.0 = Debug|Any CPU
		{59005541-CB66-4ED0-89E2-9D7950DDD106}.Release|Any CPU.ActiveCfg = Release|Any CPU
		{59005541-CB66-4ED0-89E2-9D7950DDD106}.Release|Any CPU.Build.0 = Release|Any CPU
		{DB9FE78E-C2F1-46AC-A740-F47734A50BBD}.Debug|Any CPU.ActiveCfg = Debug|Any CPU
		{DB9FE78E-C2F1-46AC-A740-F47734A50BBD}.Debug|Any CPU.Build.0 = Debug|Any CPU
		{DB9FE78E-C2F1-46AC-A740-F47734A50BBD}.Release|Any CPU.ActiveCfg = Release|Any CPU
		{DB9FE78E-C2F1-46AC-A740-F47734A50BBD}.Release|Any CPU.Build.0 = Release|Any CPU
		{4D6D73BF-6DA9-4644-86D7-EA729B390A1B}.Debug|Any CPU.ActiveCfg = Debug|Any CPU
		{4D6D73BF-6DA9-4644-86D7-EA729B390A1B}.Debug|Any CPU.Build.0 = Debug|Any CPU
		{4D6D73BF-6DA9-4644-86D7-EA729B390A1B}.Release|Any CPU.ActiveCfg = Release|Any CPU
		{4D6D73BF-6DA9-4644-86D7-EA729B390A1B}.Release|Any CPU.Build.0 = Release|Any CPU
	EndGlobalSection
	GlobalSection(SolutionProperties) = preSolution
		HideSolutionNode = FALSE
	EndGlobalSection
	GlobalSection(ExtensibilityGlobals) = postSolution
		SolutionGuid = {7C02534E-19FB-4F40-B45C-37A9AE1D4AA1}
	EndGlobalSection
EndGlobal
